// !$*UTF8*$!
{
	archiveVersion = 1;
	classes = {
	};
	objectVersion = 56;
	objects = {

/* Begin PBXBuildFile section */
		FBE7DEB72CDBE175003137D5 /* CharacterListView.swift in Sources */ = {isa = PBXBuildFile; fileRef = FBE7DEB62CDBE175003137D5 /* CharacterListView.swift */; };
		FBE7DEB92CDBE81D003137D5 /* Character.swift in Sources */ = {isa = PBXBuildFile; fileRef = FBE7DEB82CDBE81D003137D5 /* Character.swift */; };
		FBF22AE62CD2A52000363093 /* RickAndMortyAppApp.swift in Sources */ = {isa = PBXBuildFile; fileRef = FBF22AE52CD2A52000363093 /* RickAndMortyAppApp.swift */; };
		FBF22AE82CD2A52000363093 /* ContentView.swift in Sources */ = {isa = PBXBuildFile; fileRef = FBF22AE72CD2A52000363093 /* ContentView.swift */; };
		FBF22AEA2CD2A52100363093 /* Assets.xcassets in Resources */ = {isa = PBXBuildFile; fileRef = FBF22AE92CD2A52100363093 /* Assets.xcassets */; };
		FBF22AED2CD2A52100363093 /* Preview Assets.xcassets in Resources */ = {isa = PBXBuildFile; fileRef = FBF22AEC2CD2A52100363093 /* Preview Assets.xcassets */; };
		FBF22AF92CD2A5B300363093 /* LoginView.swift in Sources */ = {isa = PBXBuildFile; fileRef = FBF22AF82CD2A5B300363093 /* LoginView.swift */; };
		FBF22AFB2CD2AE9300363093 /* HttpRequestHelper.swift in Sources */ = {isa = PBXBuildFile; fileRef = FBF22AFA2CD2AE9300363093 /* HttpRequestHelper.swift */; };
		FBF22AFD2CD2AEE000363093 /* LoginRequest.swift in Sources */ = {isa = PBXBuildFile; fileRef = FBF22AFC2CD2AEE000363093 /* LoginRequest.swift */; };
		FBF22AFF2CD2AEEC00363093 /* LoginResponse.swift in Sources */ = {isa = PBXBuildFile; fileRef = FBF22AFE2CD2AEEC00363093 /* LoginResponse.swift */; };
		FBF22B012CD2C34300363093 /* AuthService.swift in Sources */ = {isa = PBXBuildFile; fileRef = FBF22B002CD2C34300363093 /* AuthService.swift */; };
		FBF22B032CD2D30D00363093 /* CharactersResponse.swift in Sources */ = {isa = PBXBuildFile; fileRef = FBF22B022CD2D30D00363093 /* CharactersResponse.swift */; };
		FBF22B052CD2D38400363093 /* CharacterService.swift in Sources */ = {isa = PBXBuildFile; fileRef = FBF22B042CD2D38400363093 /* CharacterService.swift */; };
/* End PBXBuildFile section */

/* Begin PBXFileReference section */
		FBE7DEB62CDBE175003137D5 /* CharacterListView.swift */ = {isa = PBXFileReference; lastKnownFileType = sourcecode.swift; path = CharacterListView.swift; sourceTree = "<group>"; };
		FBE7DEB82CDBE81D003137D5 /* Character.swift */ = {isa = PBXFileReference; lastKnownFileType = sourcecode.swift; path = Character.swift; sourceTree = "<group>"; };
		FBF22AE22CD2A52000363093 /* RickAndMortyApp.app */ = {isa = PBXFileReference; explicitFileType = wrapper.application; includeInIndex = 0; path = RickAndMortyApp.app; sourceTree = BUILT_PRODUCTS_DIR; };
		FBF22AE52CD2A52000363093 /* RickAndMortyAppApp.swift */ = {isa = PBXFileReference; lastKnownFileType = sourcecode.swift; path = RickAndMortyAppApp.swift; sourceTree = "<group>"; };
		FBF22AE72CD2A52000363093 /* ContentView.swift */ = {isa = PBXFileReference; lastKnownFileType = sourcecode.swift; path = ContentView.swift; sourceTree = "<group>"; };
		FBF22AE92CD2A52100363093 /* Assets.xcassets */ = {isa = PBXFileReference; lastKnownFileType = folder.assetcatalog; path = Assets.xcassets; sourceTree = "<group>"; };
		FBF22AEC2CD2A52100363093 /* Preview Assets.xcassets */ = {isa = PBXFileReference; lastKnownFileType = folder.assetcatalog; path = "Preview Assets.xcassets"; sourceTree = "<group>"; };
		FBF22AF82CD2A5B300363093 /* LoginView.swift */ = {isa = PBXFileReference; lastKnownFileType = sourcecode.swift; path = LoginView.swift; sourceTree = "<group>"; };
		FBF22AFA2CD2AE9300363093 /* HttpRequestHelper.swift */ = {isa = PBXFileReference; lastKnownFileType = sourcecode.swift; path = HttpRequestHelper.swift; sourceTree = "<group>"; };
		FBF22AFC2CD2AEE000363093 /* LoginRequest.swift */ = {isa = PBXFileReference; lastKnownFileType = sourcecode.swift; path = LoginRequest.swift; sourceTree = "<group>"; };
		FBF22AFE2CD2AEEC00363093 /* LoginResponse.swift */ = {isa = PBXFileReference; lastKnownFileType = sourcecode.swift; path = LoginResponse.swift; sourceTree = "<group>"; };
		FBF22B002CD2C34300363093 /* AuthService.swift */ = {isa = PBXFileReference; lastKnownFileType = sourcecode.swift; path = AuthService.swift; sourceTree = "<group>"; };
		FBF22B022CD2D30D00363093 /* CharactersResponse.swift */ = {isa = PBXFileReference; lastKnownFileType = sourcecode.swift; path = CharactersResponse.swift; sourceTree = "<group>"; };
		FBF22B042CD2D38400363093 /* CharacterService.swift */ = {isa = PBXFileReference; lastKnownFileType = sourcecode.swift; path = CharacterService.swift; sourceTree = "<group>"; };
/* End PBXFileReference section */

/* Begin PBXFrameworksBuildPhase section */
		FBF22ADF2CD2A52000363093 /* Frameworks */ = {
			isa = PBXFrameworksBuildPhase;
			buildActionMask = 2147483647;
			files = (
			);
			runOnlyForDeploymentPostprocessing = 0;
		};
/* End PBXFrameworksBuildPhase section */

/* Begin PBXGroup section */
		FBF22AD92CD2A52000363093 = {
			isa = PBXGroup;
			children = (
				FBF22AE42CD2A52000363093 /* RickAndMortyApp */,
				FBF22AE32CD2A52000363093 /* Products */,
			);
			sourceTree = "<group>";
		};
		FBF22AE32CD2A52000363093 /* Products */ = {
			isa = PBXGroup;
			children = (
				FBF22AE22CD2A52000363093 /* RickAndMortyApp.app */,
			);
			name = Products;
			sourceTree = "<group>";
		};
		FBF22AE42CD2A52000363093 /* RickAndMortyApp */ = {
			isa = PBXGroup;
			children = (
				FBF22AF72CD2A55E00363093 /* Services */,
				FBF22AF62CD2A55700363093 /* Helpers */,
				FBF22AF52CD2A54B00363093 /* ViewModels */,
				FBF22AF42CD2A54200363093 /* Views */,
				FBF22AF32CD2A53D00363093 /* Models */,
				FBF22AE52CD2A52000363093 /* RickAndMortyAppApp.swift */,
				FBF22AE72CD2A52000363093 /* ContentView.swift */,
				FBF22AE92CD2A52100363093 /* Assets.xcassets */,
				FBF22AEB2CD2A52100363093 /* Preview Content */,
			);
			path = RickAndMortyApp;
			sourceTree = "<group>";
		};
		FBF22AEB2CD2A52100363093 /* Preview Content */ = {
			isa = PBXGroup;
			children = (
				FBF22AEC2CD2A52100363093 /* Preview Assets.xcassets */,
			);
			path = "Preview Content";
			sourceTree = "<group>";
		};
		FBF22AF32CD2A53D00363093 /* Models */ = {
			isa = PBXGroup;
			children = (
				FBE7DEB82CDBE81D003137D5 /* Character.swift */,
			);
			path = Models;
			sourceTree = "<group>";
		};
		FBF22AF42CD2A54200363093 /* Views */ = {
			isa = PBXGroup;
			children = (
				FBF22AF82CD2A5B300363093 /* LoginView.swift */,
				FBE7DEB62CDBE175003137D5 /* CharacterListView.swift */,
			);
			path = Views;
			sourceTree = "<group>";
		};
		FBF22AF52CD2A54B00363093 /* ViewModels */ = {
			isa = PBXGroup;
			children = (
			);
			path = ViewModels;
			sourceTree = "<group>";
		};
		FBF22AF62CD2A55700363093 /* Helpers */ = {
			isa = PBXGroup;
			children = (
				FBF22AFA2CD2AE9300363093 /* HttpRequestHelper.swift */,
			);
			path = Helpers;
			sourceTree = "<group>";
		};
		FBF22AF72CD2A55E00363093 /* Services */ = {
			isa = PBXGroup;
			children = (
				FBF22AFC2CD2AEE000363093 /* LoginRequest.swift */,
				FBF22AFE2CD2AEEC00363093 /* LoginResponse.swift */,
				FBF22B002CD2C34300363093 /* AuthService.swift */,
				FBF22B022CD2D30D00363093 /* CharactersResponse.swift */,
				FBF22B042CD2D38400363093 /* CharacterService.swift */,
			);
			path = Services;
			sourceTree = "<group>";
		};
/* End PBXGroup section */

/* Begin PBXNativeTarget section */
		FBF22AE12CD2A52000363093 /* RickAndMortyApp */ = {
			isa = PBXNativeTarget;
			buildConfigurationList = FBF22AF02CD2A52100363093 /* Build configuration list for PBXNativeTarget "RickAndMortyApp" */;
			buildPhases = (
				FBF22ADE2CD2A52000363093 /* Sources */,
				FBF22ADF2CD2A52000363093 /* Frameworks */,
				FBF22AE02CD2A52000363093 /* Resources */,
			);
			buildRules = (
			);
			dependencies = (
			);
			name = RickAndMortyApp;
			productName = RickAndMortyApp;
			productReference = FBF22AE22CD2A52000363093 /* RickAndMortyApp.app */;
			productType = "com.apple.product-type.application";
		};
/* End PBXNativeTarget section */

/* Begin PBXProject section */
		FBF22ADA2CD2A52000363093 /* Project object */ = {
			isa = PBXProject;
			attributes = {
				BuildIndependentTargetsInParallel = 1;
				LastSwiftUpdateCheck = 1520;
				LastUpgradeCheck = 1520;
				TargetAttributes = {
					FBF22AE12CD2A52000363093 = {
						CreatedOnToolsVersion = 15.2;
					};
				};
			};
			buildConfigurationList = FBF22ADD2CD2A52000363093 /* Build configuration list for PBXProject "RickAndMortyApp" */;
			compatibilityVersion = "Xcode 14.0";
			developmentRegion = en;
			hasScannedForEncodings = 0;
			knownRegions = (
				en,
				Base,
			);
			mainGroup = FBF22AD92CD2A52000363093;
			productRefGroup = FBF22AE32CD2A52000363093 /* Products */;
			projectDirPath = "";
			projectRoot = "";
			targets = (
				FBF22AE12CD2A52000363093 /* RickAndMortyApp */,
			);
		};
/* End PBXProject section */

/* Begin PBXResourcesBuildPhase section */
		FBF22AE02CD2A52000363093 /* Resources */ = {
			isa = PBXResourcesBuildPhase;
			buildActionMask = 2147483647;
			files = (
				FBF22AED2CD2A52100363093 /* Preview Assets.xcassets in Resources */,
				FBF22AEA2CD2A52100363093 /* Assets.xcassets in Resources */,
			);
			runOnlyForDeploymentPostprocessing = 0;
		};
/* End PBXResourcesBuildPhase section */

/* Begin PBXSourcesBuildPhase section */
		FBF22ADE2CD2A52000363093 /* Sources */ = {
			isa = PBXSourcesBuildPhase;
			buildActionMask = 2147483647;
			files = (
				FBF22AF92CD2A5B300363093 /* LoginView.swift in Sources */,
				FBF22AE82CD2A52000363093 /* ContentView.swift in Sources */,
				FBE7DEB92CDBE81D003137D5 /* Character.swift in Sources */,
				FBE7DEB72CDBE175003137D5 /* CharacterListView.swift in Sources */,
				FBF22B032CD2D30D00363093 /* CharactersResponse.swift in Sources */,
				FBF22AFF2CD2AEEC00363093 /* LoginResponse.swift in Sources */,
				FBF22AE62CD2A52000363093 /* RickAndMortyAppApp.swift in Sources */,
				FBF22AFD2CD2AEE000363093 /* LoginRequest.swift in Sources */,
				FBF22AFB2CD2AE9300363093 /* HttpRequestHelper.swift in Sources */,
				FBF22B052CD2D38400363093 /* CharacterService.swift in Sources */,
				FBF22B012CD2C34300363093 /* AuthService.swift in Sources */,
			);
			runOnlyForDeploymentPostprocessing = 0;
		};
/* End PBXSourcesBuildPhase section */

/* Begin XCBuildConfiguration section */
		FBF22AEE2CD2A52100363093 /* Debug */ = {
			isa = XCBuildConfiguration;
			buildSettings = {
				ALWAYS_SEARCH_USER_PATHS = NO;
				ASSETCATALOG_COMPILER_GENERATE_SWIFT_ASSET_SYMBOL_EXTENSIONS = YES;
				CLANG_ANALYZER_NONNULL = YES;
				CLANG_ANALYZER_NUMBER_OBJECT_CONVERSION = YES_AGGRESSIVE;
				CLANG_CXX_LANGUAGE_STANDARD = "gnu++20";
				CLANG_ENABLE_MODULES = YES;
				CLANG_ENABLE_OBJC_ARC = YES;
				CLANG_ENABLE_OBJC_WEAK = YES;
				CLANG_WARN_BLOCK_CAPTURE_AUTORELEASING = YES;
				CLANG_WARN_BOOL_CONVERSION = YES;
				CLANG_WARN_COMMA = YES;
				CLANG_WARN_CONSTANT_CONVERSION = YES;
				CLANG_WARN_DEPRECATED_OBJC_IMPLEMENTATIONS = YES;
				CLANG_WARN_DIRECT_OBJC_ISA_USAGE = YES_ERROR;
				CLANG_WARN_DOCUMENTATION_COMMENTS = YES;
				CLANG_WARN_EMPTY_BODY = YES;
				CLANG_WARN_ENUM_CONVERSION = YES;
				CLANG_WARN_INFINITE_RECURSION = YES;
				CLANG_WARN_INT_CONVERSION = YES;
				CLANG_WARN_NON_LITERAL_NULL_CONVERSION = YES;
				CLANG_WARN_OBJC_IMPLICIT_RETAIN_SELF = YES;
				CLANG_WARN_OBJC_LITERAL_CONVERSION = YES;
				CLANG_WARN_OBJC_ROOT_CLASS = YES_ERROR;
				CLANG_WARN_QUOTED_INCLUDE_IN_FRAMEWORK_HEADER = YES;
				CLANG_WARN_RANGE_LOOP_ANALYSIS = YES;
				CLANG_WARN_STRICT_PROTOTYPES = YES;
				CLANG_WARN_SUSPICIOUS_MOVE = YES;
				CLANG_WARN_UNGUARDED_AVAILABILITY = YES_AGGRESSIVE;
				CLANG_WARN_UNREACHABLE_CODE = YES;
				CLANG_WARN__DUPLICATE_METHOD_MATCH = YES;
				COPY_PHASE_STRIP = NO;
				DEBUG_INFORMATION_FORMAT = dwarf;
				ENABLE_STRICT_OBJC_MSGSEND = YES;
				ENABLE_TESTABILITY = YES;
				ENABLE_USER_SCRIPT_SANDBOXING = YES;
				GCC_C_LANGUAGE_STANDARD = gnu17;
				GCC_DYNAMIC_NO_PIC = NO;
				GCC_NO_COMMON_BLOCKS = YES;
				GCC_OPTIMIZATION_LEVEL = 0;
				GCC_PREPROCESSOR_DEFINITIONS = (
					"DEBUG=1",
					"$(inherited)",
				);
				GCC_WARN_64_TO_32_BIT_CONVERSION = YES;
				GCC_WARN_ABOUT_RETURN_TYPE = YES_ERROR;
				GCC_WARN_UNDECLARED_SELECTOR = YES;
				GCC_WARN_UNINITIALIZED_AUTOS = YES_AGGRESSIVE;
				GCC_WARN_UNUSED_FUNCTION = YES;
				GCC_WARN_UNUSED_VARIABLE = YES;
				IPHONEOS_DEPLOYMENT_TARGET = 17.2;
				LOCALIZATION_PREFERS_STRING_CATALOGS = YES;
				MTL_ENABLE_DEBUG_INFO = INCLUDE_SOURCE;
				MTL_FAST_MATH = YES;
				ONLY_ACTIVE_ARCH = YES;
				SDKROOT = iphoneos;
				SWIFT_ACTIVE_COMPILATION_CONDITIONS = "DEBUG $(inherited)";
				SWIFT_OPTIMIZATION_LEVEL = "-Onone";
			};
			name = Debug;
		};
		FBF22AEF2CD2A52100363093 /* Release */ = {
			isa = XCBuildConfiguration;
			buildSettings = {
				ALWAYS_SEARCH_USER_PATHS = NO;
				ASSETCATALOG_COMPILER_GENERATE_SWIFT_ASSET_SYMBOL_EXTENSIONS = YES;
				CLANG_ANALYZER_NONNULL = YES;
				CLANG_ANALYZER_NUMBER_OBJECT_CONVERSION = YES_AGGRESSIVE;
				CLANG_CXX_LANGUAGE_STANDARD = "gnu++20";
				CLANG_ENABLE_MODULES = YES;
				CLANG_ENABLE_OBJC_ARC = YES;
				CLANG_ENABLE_OBJC_WEAK = YES;
				CLANG_WARN_BLOCK_CAPTURE_AUTORELEASING = YES;
				CLANG_WARN_BOOL_CONVERSION = YES;
				CLANG_WARN_COMMA = YES;
				CLANG_WARN_CONSTANT_CONVERSION = YES;
				CLANG_WARN_DEPRECATED_OBJC_IMPLEMENTATIONS = YES;
				CLANG_WARN_DIRECT_OBJC_ISA_USAGE = YES_ERROR;
				CLANG_WARN_DOCUMENTATION_COMMENTS = YES;
				CLANG_WARN_EMPTY_BODY = YES;
				CLANG_WARN_ENUM_CONVERSION = YES;
				CLANG_WARN_INFINITE_RECURSION = YES;
				CLANG_WARN_INT_CONVERSION = YES;
				CLANG_WARN_NON_LITERAL_NULL_CONVERSION = YES;
				CLANG_WARN_OBJC_IMPLICIT_RETAIN_SELF = YES;
				CLANG_WARN_OBJC_LITERAL_CONVERSION = YES;
				CLANG_WARN_OBJC_ROOT_CLASS = YES_ERROR;
				CLANG_WARN_QUOTED_INCLUDE_IN_FRAMEWORK_HEADER = YES;
				CLANG_WARN_RANGE_LOOP_ANALYSIS = YES;
				CLANG_WARN_STRICT_PROTOTYPES = YES;
				CLANG_WARN_SUSPICIOUS_MOVE = YES;
				CLANG_WARN_UNGUARDED_AVAILABILITY = YES_AGGRESSIVE;
				CLANG_WARN_UNREACHABLE_CODE = YES;
				CLANG_WARN__DUPLICATE_METHOD_MATCH = YES;
				COPY_PHASE_STRIP = NO;
				DEBUG_INFORMATION_FORMAT = "dwarf-with-dsym";
				ENABLE_NS_ASSERTIONS = NO;
				ENABLE_STRICT_OBJC_MSGSEND = YES;
				ENABLE_USER_SCRIPT_SANDBOXING = YES;
				GCC_C_LANGUAGE_STANDARD = gnu17;
				GCC_NO_COMMON_BLOCKS = YES;
				GCC_WARN_64_TO_32_BIT_CONVERSION = YES;
				GCC_WARN_ABOUT_RETURN_TYPE = YES_ERROR;
				GCC_WARN_UNDECLARED_SELECTOR = YES;
				GCC_WARN_UNINITIALIZED_AUTOS = YES_AGGRESSIVE;
				GCC_WARN_UNUSED_FUNCTION = YES;
				GCC_WARN_UNUSED_VARIABLE = YES;
				IPHONEOS_DEPLOYMENT_TARGET = 17.2;
				LOCALIZATION_PREFERS_STRING_CATALOGS = YES;
				MTL_ENABLE_DEBUG_INFO = NO;
				MTL_FAST_MATH = YES;
				SDKROOT = iphoneos;
				SWIFT_COMPILATION_MODE = wholemodule;
				VALIDATE_PRODUCT = YES;
			};
			name = Release;
		};
		FBF22AF12CD2A52100363093 /* Debug */ = {
			isa = XCBuildConfiguration;
			buildSettings = {
				ASSETCATALOG_COMPILER_APPICON_NAME = AppIcon;
				ASSETCATALOG_COMPILER_GLOBAL_ACCENT_COLOR_NAME = AccentColor;
				CODE_SIGN_STYLE = Automatic;
				CURRENT_PROJECT_VERSION = 1;
				DEVELOPMENT_ASSET_PATHS = "\"RickAndMortyApp/Preview Content\"";
				ENABLE_PREVIEWS = YES;
				GENERATE_INFOPLIST_FILE = YES;
				INFOPLIST_KEY_UIApplicationSceneManifest_Generation = YES;
				INFOPLIST_KEY_UIApplicationSupportsIndirectInputEvents = YES;
				INFOPLIST_KEY_UILaunchScreen_Generation = YES;
				INFOPLIST_KEY_UISupportedInterfaceOrientations_iPad = "UIInterfaceOrientationPortrait UIInterfaceOrientationPortraitUpsideDown UIInterfaceOrientationLandscapeLeft UIInterfaceOrientationLandscapeRight";
				INFOPLIST_KEY_UISupportedInterfaceOrientations_iPhone = "UIInterfaceOrientationPortrait UIInterfaceOrientationLandscapeLeft UIInterfaceOrientationLandscapeRight";
				LD_RUNPATH_SEARCH_PATHS = (
					"$(inherited)",
					"@executable_path/Frameworks",
				);
				MARKETING_VERSION = 1.0;
				PRODUCT_BUNDLE_IDENTIFIER = pe.isil.RickAndMortyApp;
				PRODUCT_NAME = "$(TARGET_NAME)";
				SWIFT_EMIT_LOC_STRINGS = YES;
				SWIFT_VERSION = 5.0;
				TARGETED_DEVICE_FAMILY = "1,2";
			};
			name = Debug;
		};
		FBF22AF22CD2A52100363093 /* Release */ = {
			isa = XCBuildConfiguration;
			buildSettings = {
				ASSETCATALOG_COMPILER_APPICON_NAME = AppIcon;
				ASSETCATALOG_COMPILER_GLOBAL_ACCENT_COLOR_NAME = AccentColor;
				CODE_SIGN_STYLE = Automatic;
				CURRENT_PROJECT_VERSION = 1;
				DEVELOPMENT_ASSET_PATHS = "\"RickAndMortyApp/Preview Content\"";
				ENABLE_PREVIEWS = YES;
				GENERATE_INFOPLIST_FILE = YES;
				INFOPLIST_KEY_UIApplicationSceneManifest_Generation = YES;
				INFOPLIST_KEY_UIApplicationSupportsIndirectInputEvents = YES;
				INFOPLIST_KEY_UILaunchScreen_Generation = YES;
				INFOPLIST_KEY_UISupportedInterfaceOrientations_iPad = "UIInterfaceOrientationPortrait UIInterfaceOrientationPortraitUpsideDown UIInterfaceOrientationLandscapeLeft UIInterfaceOrientationLandscapeRight";
				INFOPLIST_KEY_UISupportedInterfaceOrientations_iPhone = "UIInterfaceOrientationPortrait UIInterfaceOrientationLandscapeLeft UIInterfaceOrientationLandscapeRight";
				LD_RUNPATH_SEARCH_PATHS = (
					"$(inherited)",
					"@executable_path/Frameworks",
				);
				MARKETING_VERSION = 1.0;
				PRODUCT_BUNDLE_IDENTIFIER = pe.isil.RickAndMortyApp;
				PRODUCT_NAME = "$(TARGET_NAME)";
				SWIFT_EMIT_LOC_STRINGS = YES;
				SWIFT_VERSION = 5.0;
				TARGETED_DEVICE_FAMILY = "1,2";
			};
			name = Release;
		};
/* End XCBuildConfiguration section */

/* Begin XCConfigurationList section */
		FBF22ADD2CD2A52000363093 /* Build configuration list for PBXProject "RickAndMortyApp" */ = {
			isa = XCConfigurationList;
			buildConfigurations = (
				FBF22AEE2CD2A52100363093 /* Debug */,
				FBF22AEF2CD2A52100363093 /* Release */,
			);
			defaultConfigurationIsVisible = 0;
			defaultConfigurationName = Release;
		};
		FBF22AF02CD2A52100363093 /* Build configuration list for PBXNativeTarget "RickAndMortyApp" */ = {
			isa = XCConfigurationList;
			buildConfigurations = (
				FBF22AF12CD2A52100363093 /* Debug */,
				FBF22AF22CD2A52100363093 /* Release */,
			);
			defaultConfigurationIsVisible = 0;
			defaultConfigurationName = Release;
		};
/* End XCConfigurationList section */
	};
	rootObject = FBF22ADA2CD2A52000363093 /* Project object */;
}
