// !$*UTF8*$!
{
	archiveVersion = 1;
	classes = {
	};
	objectVersion = 56;
	objects = {

/* Begin PBXBuildFile section */
		FB1D44222CC030E9002011D3 /* HeroService.swift in Sources */ = {isa = PBXBuildFile; fileRef = FB1D44212CC030E9002011D3 /* HeroService.swift */; };
		FB1D44252CC03553002011D3 /* HeroSearchView.swift in Sources */ = {isa = PBXBuildFile; fileRef = FB1D44242CC03553002011D3 /* HeroSearchView.swift */; };
		FB2CC9C62CB719E000228074 /* Hero.swift in Sources */ = {isa = PBXBuildFile; fileRef = FB2CC9C52CB719E000228074 /* Hero.swift */; };
		FB2CC9C82CB71E2E00228074 /* HttpRequestHelper.swift in Sources */ = {isa = PBXBuildFile; fileRef = FB2CC9C72CB71E2E00228074 /* HttpRequestHelper.swift */; };
		FB8809C82CB7187300645A1C /* SuperHeroSwiftUIApp.swift in Sources */ = {isa = PBXBuildFile; fileRef = FB8809C72CB7187300645A1C /* SuperHeroSwiftUIApp.swift */; };
		FB8809CA2CB7187300645A1C /* ContentView.swift in Sources */ = {isa = PBXBuildFile; fileRef = FB8809C92CB7187300645A1C /* ContentView.swift */; };
		FB8809CC2CB7187500645A1C /* Assets.xcassets in Resources */ = {isa = PBXBuildFile; fileRef = FB8809CB2CB7187500645A1C /* Assets.xcassets */; };
		FB8809CF2CB7187500645A1C /* Preview Assets.xcassets in Resources */ = {isa = PBXBuildFile; fileRef = FB8809CE2CB7187500645A1C /* Preview Assets.xcassets */; };
/* End PBXBuildFile section */

/* Begin PBXFileReference section */
		FB1D44212CC030E9002011D3 /* HeroService.swift */ = {isa = PBXFileReference; lastKnownFileType = sourcecode.swift; path = HeroService.swift; sourceTree = "<group>"; };
		FB1D44242CC03553002011D3 /* HeroSearchView.swift */ = {isa = PBXFileReference; lastKnownFileType = sourcecode.swift; path = HeroSearchView.swift; sourceTree = "<group>"; };
		FB2CC9C52CB719E000228074 /* Hero.swift */ = {isa = PBXFileReference; lastKnownFileType = sourcecode.swift; path = Hero.swift; sourceTree = "<group>"; };
		FB2CC9C72CB71E2E00228074 /* HttpRequestHelper.swift */ = {isa = PBXFileReference; lastKnownFileType = sourcecode.swift; path = HttpRequestHelper.swift; sourceTree = "<group>"; };
		FB8809C42CB7187300645A1C /* SuperHeroSwiftUI.app */ = {isa = PBXFileReference; explicitFileType = wrapper.application; includeInIndex = 0; path = SuperHeroSwiftUI.app; sourceTree = BUILT_PRODUCTS_DIR; };
		FB8809C72CB7187300645A1C /* SuperHeroSwiftUIApp.swift */ = {isa = PBXFileReference; lastKnownFileType = sourcecode.swift; path = SuperHeroSwiftUIApp.swift; sourceTree = "<group>"; };
		FB8809C92CB7187300645A1C /* ContentView.swift */ = {isa = PBXFileReference; lastKnownFileType = sourcecode.swift; path = ContentView.swift; sourceTree = "<group>"; };
		FB8809CB2CB7187500645A1C /* Assets.xcassets */ = {isa = PBXFileReference; lastKnownFileType = folder.assetcatalog; path = Assets.xcassets; sourceTree = "<group>"; };
		FB8809CE2CB7187500645A1C /* Preview Assets.xcassets */ = {isa = PBXFileReference; lastKnownFileType = folder.assetcatalog; path = "Preview Assets.xcassets"; sourceTree = "<group>"; };
/* End PBXFileReference section */

/* Begin PBXFrameworksBuildPhase section */
		FB8809C12CB7187300645A1C /* Frameworks */ = {
			isa = PBXFrameworksBuildPhase;
			buildActionMask = 2147483647;
			files = (
			);
			runOnlyForDeploymentPostprocessing = 0;
		};
/* End PBXFrameworksBuildPhase section */

/* Begin PBXGroup section */
		FB1D44202CC030DC002011D3 /* Service */ = {
			isa = PBXGroup;
			children = (
				FB1D44212CC030E9002011D3 /* HeroService.swift */,
			);
			path = Service;
			sourceTree = "<group>";
		};
		FB1D44232CC03524002011D3 /* View */ = {
			isa = PBXGroup;
			children = (
				FB1D44242CC03553002011D3 /* HeroSearchView.swift */,
			);
			path = View;
			sourceTree = "<group>";
		};
		FB8809BB2CB7187300645A1C = {
			isa = PBXGroup;
			children = (
				FB8809C62CB7187300645A1C /* SuperHeroSwiftUI */,
				FB8809C52CB7187300645A1C /* Products */,
			);
			sourceTree = "<group>";
		};
		FB8809C52CB7187300645A1C /* Products */ = {
			isa = PBXGroup;
			children = (
				FB8809C42CB7187300645A1C /* SuperHeroSwiftUI.app */,
			);
			name = Products;
			sourceTree = "<group>";
		};
		FB8809C62CB7187300645A1C /* SuperHeroSwiftUI */ = {
			isa = PBXGroup;
			children = (
				FB1D44232CC03524002011D3 /* View */,
				FB1D44202CC030DC002011D3 /* Service */,
				FB8809D92CB7199200645A1C /* Helper */,
				FB8809D52CB718C600645A1C /* Model */,
				FB8809C72CB7187300645A1C /* SuperHeroSwiftUIApp.swift */,
				FB8809CB2CB7187500645A1C /* Assets.xcassets */,
				FB8809C92CB7187300645A1C /* ContentView.swift */,
				FB8809CD2CB7187500645A1C /* Preview Content */,
			);
			path = SuperHeroSwiftUI;
			sourceTree = "<group>";
		};
		FB8809CD2CB7187500645A1C /* Preview Content */ = {
			isa = PBXGroup;
			children = (
				FB8809CE2CB7187500645A1C /* Preview Assets.xcassets */,
			);
			path = "Preview Content";
			sourceTree = "<group>";
		};
		FB8809D52CB718C600645A1C /* Model */ = {
			isa = PBXGroup;
			children = (
				FB2CC9C52CB719E000228074 /* Hero.swift */,
			);
			path = Model;
			sourceTree = "<group>";
		};
		FB8809D92CB7199200645A1C /* Helper */ = {
			isa = PBXGroup;
			children = (
				FB2CC9C72CB71E2E00228074 /* HttpRequestHelper.swift */,
			);
			path = Helper;
			sourceTree = "<group>";
		};
/* End PBXGroup section */

/* Begin PBXNativeTarget section */
		FB8809C32CB7187300645A1C /* SuperHeroSwiftUI */ = {
			isa = PBXNativeTarget;
			buildConfigurationList = FB8809D22CB7187500645A1C /* Build configuration list for PBXNativeTarget "SuperHeroSwiftUI" */;
			buildPhases = (
				FB8809C02CB7187300645A1C /* Sources */,
				FB8809C12CB7187300645A1C /* Frameworks */,
				FB8809C22CB7187300645A1C /* Resources */,
			);
			buildRules = (
			);
			dependencies = (
			);
			name = SuperHeroSwiftUI;
			productName = SuperHeroSwiftUI;
			productReference = FB8809C42CB7187300645A1C /* SuperHeroSwiftUI.app */;
			productType = "com.apple.product-type.application";
		};
/* End PBXNativeTarget section */

/* Begin PBXProject section */
		FB8809BC2CB7187300645A1C /* Project object */ = {
			isa = PBXProject;
			attributes = {
				BuildIndependentTargetsInParallel = 1;
				LastSwiftUpdateCheck = 1520;
				LastUpgradeCheck = 1520;
				TargetAttributes = {
					FB8809C32CB7187300645A1C = {
						CreatedOnToolsVersion = 15.2;
					};
				};
			};
			buildConfigurationList = FB8809BF2CB7187300645A1C /* Build configuration list for PBXProject "SuperHeroSwiftUI" */;
			compatibilityVersion = "Xcode 14.0";
			developmentRegion = en;
			hasScannedForEncodings = 0;
			knownRegions = (
				en,
				Base,
			);
			mainGroup = FB8809BB2CB7187300645A1C;
			productRefGroup = FB8809C52CB7187300645A1C /* Products */;
			projectDirPath = "";
			projectRoot = "";
			targets = (
				FB8809C32CB7187300645A1C /* SuperHeroSwiftUI */,
			);
		};
/* End PBXProject section */

/* Begin PBXResourcesBuildPhase section */
		FB8809C22CB7187300645A1C /* Resources */ = {
			isa = PBXResourcesBuildPhase;
			buildActionMask = 2147483647;
			files = (
				FB8809CF2CB7187500645A1C /* Preview Assets.xcassets in Resources */,
				FB8809CC2CB7187500645A1C /* Assets.xcassets in Resources */,
			);
			runOnlyForDeploymentPostprocessing = 0;
		};
/* End PBXResourcesBuildPhase section */

/* Begin PBXSourcesBuildPhase section */
		FB8809C02CB7187300645A1C /* Sources */ = {
			isa = PBXSourcesBuildPhase;
			buildActionMask = 2147483647;
			files = (
				FB1D44252CC03553002011D3 /* HeroSearchView.swift in Sources */,
				FB8809CA2CB7187300645A1C /* ContentView.swift in Sources */,
				FB1D44222CC030E9002011D3 /* HeroService.swift in Sources */,
				FB8809C82CB7187300645A1C /* SuperHeroSwiftUIApp.swift in Sources */,
				FB2CC9C62CB719E000228074 /* Hero.swift in Sources */,
				FB2CC9C82CB71E2E00228074 /* HttpRequestHelper.swift in Sources */,
			);
			runOnlyForDeploymentPostprocessing = 0;
		};
/* End PBXSourcesBuildPhase section */

/* Begin XCBuildConfiguration section */
		FB8809D02CB7187500645A1C /* Debug */ = {
			isa = XCBuildConfiguration;
			buildSettings = {
				ALWAYS_SEARCH_USER_PATHS = NO;
				ASSETCATALOG_COMPILER_GENERATE_SWIFT_ASSET_SYMBOL_EXTENSIONS = YES;
				CLANG_ANALYZER_NONNULL = YES;
				CLANG_ANALYZER_NUMBER_OBJECT_CONVERSION = YES_AGGRESSIVE;
				CLANG_CXX_LANGUAGE_STANDARD = "gnu++20";
				CLANG_ENABLE_MODULES = YES;
				CLANG_ENABLE_OBJC_ARC = YES;
				CLANG_ENABLE_OBJC_WEAK = YES;
				CLANG_WARN_BLOCK_CAPTURE_AUTORELEASING = YES;
				CLANG_WARN_BOOL_CONVERSION = YES;
				CLANG_WARN_COMMA = YES;
				CLANG_WARN_CONSTANT_CONVERSION = YES;
				CLANG_WARN_DEPRECATED_OBJC_IMPLEMENTATIONS = YES;
				CLANG_WARN_DIRECT_OBJC_ISA_USAGE = YES_ERROR;
				CLANG_WARN_DOCUMENTATION_COMMENTS = YES;
				CLANG_WARN_EMPTY_BODY = YES;
				CLANG_WARN_ENUM_CONVERSION = YES;
				CLANG_WARN_INFINITE_RECURSION = YES;
				CLANG_WARN_INT_CONVERSION = YES;
				CLANG_WARN_NON_LITERAL_NULL_CONVERSION = YES;
				CLANG_WARN_OBJC_IMPLICIT_RETAIN_SELF = YES;
				CLANG_WARN_OBJC_LITERAL_CONVERSION = YES;
				CLANG_WARN_OBJC_ROOT_CLASS = YES_ERROR;
				CLANG_WARN_QUOTED_INCLUDE_IN_FRAMEWORK_HEADER = YES;
				CLANG_WARN_RANGE_LOOP_ANALYSIS = YES;
				CLANG_WARN_STRICT_PROTOTYPES = YES;
				CLANG_WARN_SUSPICIOUS_MOVE = YES;
				CLANG_WARN_UNGUARDED_AVAILABILITY = YES_AGGRESSIVE;
				CLANG_WARN_UNREACHABLE_CODE = YES;
				CLANG_WARN__DUPLICATE_METHOD_MATCH = YES;
				COPY_PHASE_STRIP = NO;
				DEBUG_INFORMATION_FORMAT = dwarf;
				ENABLE_STRICT_OBJC_MSGSEND = YES;
				ENABLE_TESTABILITY = YES;
				ENABLE_USER_SCRIPT_SANDBOXING = YES;
				GCC_C_LANGUAGE_STANDARD = gnu17;
				GCC_DYNAMIC_NO_PIC = NO;
				GCC_NO_COMMON_BLOCKS = YES;
				GCC_OPTIMIZATION_LEVEL = 0;
				GCC_PREPROCESSOR_DEFINITIONS = (
					"DEBUG=1",
					"$(inherited)",
				);
				GCC_WARN_64_TO_32_BIT_CONVERSION = YES;
				GCC_WARN_ABOUT_RETURN_TYPE = YES_ERROR;
				GCC_WARN_UNDECLARED_SELECTOR = YES;
				GCC_WARN_UNINITIALIZED_AUTOS = YES_AGGRESSIVE;
				GCC_WARN_UNUSED_FUNCTION = YES;
				GCC_WARN_UNUSED_VARIABLE = YES;
				IPHONEOS_DEPLOYMENT_TARGET = 17.2;
				LOCALIZATION_PREFERS_STRING_CATALOGS = YES;
				MTL_ENABLE_DEBUG_INFO = INCLUDE_SOURCE;
				MTL_FAST_MATH = YES;
				ONLY_ACTIVE_ARCH = YES;
				SDKROOT = iphoneos;
				SWIFT_ACTIVE_COMPILATION_CONDITIONS = "DEBUG $(inherited)";
				SWIFT_OPTIMIZATION_LEVEL = "-Onone";
			};
			name = Debug;
		};
		FB8809D12CB7187500645A1C /* Release */ = {
			isa = XCBuildConfiguration;
			buildSettings = {
				ALWAYS_SEARCH_USER_PATHS = NO;
				ASSETCATALOG_COMPILER_GENERATE_SWIFT_ASSET_SYMBOL_EXTENSIONS = YES;
				CLANG_ANALYZER_NONNULL = YES;
				CLANG_ANALYZER_NUMBER_OBJECT_CONVERSION = YES_AGGRESSIVE;
				CLANG_CXX_LANGUAGE_STANDARD = "gnu++20";
				CLANG_ENABLE_MODULES = YES;
				CLANG_ENABLE_OBJC_ARC = YES;
				CLANG_ENABLE_OBJC_WEAK = YES;
				CLANG_WARN_BLOCK_CAPTURE_AUTORELEASING = YES;
				CLANG_WARN_BOOL_CONVERSION = YES;
				CLANG_WARN_COMMA = YES;
				CLANG_WARN_CONSTANT_CONVERSION = YES;
				CLANG_WARN_DEPRECATED_OBJC_IMPLEMENTATIONS = YES;
				CLANG_WARN_DIRECT_OBJC_ISA_USAGE = YES_ERROR;
				CLANG_WARN_DOCUMENTATION_COMMENTS = YES;
				CLANG_WARN_EMPTY_BODY = YES;
				CLANG_WARN_ENUM_CONVERSION = YES;
				CLANG_WARN_INFINITE_RECURSION = YES;
				CLANG_WARN_INT_CONVERSION = YES;
				CLANG_WARN_NON_LITERAL_NULL_CONVERSION = YES;
				CLANG_WARN_OBJC_IMPLICIT_RETAIN_SELF = YES;
				CLANG_WARN_OBJC_LITERAL_CONVERSION = YES;
				CLANG_WARN_OBJC_ROOT_CLASS = YES_ERROR;
				CLANG_WARN_QUOTED_INCLUDE_IN_FRAMEWORK_HEADER = YES;
				CLANG_WARN_RANGE_LOOP_ANALYSIS = YES;
				CLANG_WARN_STRICT_PROTOTYPES = YES;
				CLANG_WARN_SUSPICIOUS_MOVE = YES;
				CLANG_WARN_UNGUARDED_AVAILABILITY = YES_AGGRESSIVE;
				CLANG_WARN_UNREACHABLE_CODE = YES;
				CLANG_WARN__DUPLICATE_METHOD_MATCH = YES;
				COPY_PHASE_STRIP = NO;
				DEBUG_INFORMATION_FORMAT = "dwarf-with-dsym";
				ENABLE_NS_ASSERTIONS = NO;
				ENABLE_STRICT_OBJC_MSGSEND = YES;
				ENABLE_USER_SCRIPT_SANDBOXING = YES;
				GCC_C_LANGUAGE_STANDARD = gnu17;
				GCC_NO_COMMON_BLOCKS = YES;
				GCC_WARN_64_TO_32_BIT_CONVERSION = YES;
				GCC_WARN_ABOUT_RETURN_TYPE = YES_ERROR;
				GCC_WARN_UNDECLARED_SELECTOR = YES;
				GCC_WARN_UNINITIALIZED_AUTOS = YES_AGGRESSIVE;
				GCC_WARN_UNUSED_FUNCTION = YES;
				GCC_WARN_UNUSED_VARIABLE = YES;
				IPHONEOS_DEPLOYMENT_TARGET = 17.2;
				LOCALIZATION_PREFERS_STRING_CATALOGS = YES;
				MTL_ENABLE_DEBUG_INFO = NO;
				MTL_FAST_MATH = YES;
				SDKROOT = iphoneos;
				SWIFT_COMPILATION_MODE = wholemodule;
				VALIDATE_PRODUCT = YES;
			};
			name = Release;
		};
		FB8809D32CB7187500645A1C /* Debug */ = {
			isa = XCBuildConfiguration;
			buildSettings = {
				ASSETCATALOG_COMPILER_APPICON_NAME = AppIcon;
				ASSETCATALOG_COMPILER_GLOBAL_ACCENT_COLOR_NAME = AccentColor;
				CODE_SIGN_STYLE = Automatic;
				CURRENT_PROJECT_VERSION = 1;
				DEVELOPMENT_ASSET_PATHS = "\"SuperHeroSwiftUI/Preview Content\"";
				ENABLE_PREVIEWS = YES;
				GENERATE_INFOPLIST_FILE = YES;
				INFOPLIST_KEY_UIApplicationSceneManifest_Generation = YES;
				INFOPLIST_KEY_UIApplicationSupportsIndirectInputEvents = YES;
				INFOPLIST_KEY_UILaunchScreen_Generation = YES;
				INFOPLIST_KEY_UISupportedInterfaceOrientations_iPad = "UIInterfaceOrientationPortrait UIInterfaceOrientationPortraitUpsideDown UIInterfaceOrientationLandscapeLeft UIInterfaceOrientationLandscapeRight";
				INFOPLIST_KEY_UISupportedInterfaceOrientations_iPhone = "UIInterfaceOrientationPortrait UIInterfaceOrientationLandscapeLeft UIInterfaceOrientationLandscapeRight";
				LD_RUNPATH_SEARCH_PATHS = (
					"$(inherited)",
					"@executable_path/Frameworks",
				);
				MARKETING_VERSION = 1.0;
				PRODUCT_BUNDLE_IDENTIFIER = pe.isil.SuperHeroSwiftUI;
				PRODUCT_NAME = "$(TARGET_NAME)";
				SWIFT_EMIT_LOC_STRINGS = YES;
				SWIFT_VERSION = 5.0;
				TARGETED_DEVICE_FAMILY = "1,2";
			};
			name = Debug;
		};
		FB8809D42CB7187500645A1C /* Release */ = {
			isa = XCBuildConfiguration;
			buildSettings = {
				ASSETCATALOG_COMPILER_APPICON_NAME = AppIcon;
				ASSETCATALOG_COMPILER_GLOBAL_ACCENT_COLOR_NAME = AccentColor;
				CODE_SIGN_STYLE = Automatic;
				CURRENT_PROJECT_VERSION = 1;
				DEVELOPMENT_ASSET_PATHS = "\"SuperHeroSwiftUI/Preview Content\"";
				ENABLE_PREVIEWS = YES;
				GENERATE_INFOPLIST_FILE = YES;
				INFOPLIST_KEY_UIApplicationSceneManifest_Generation = YES;
				INFOPLIST_KEY_UIApplicationSupportsIndirectInputEvents = YES;
				INFOPLIST_KEY_UILaunchScreen_Generation = YES;
				INFOPLIST_KEY_UISupportedInterfaceOrientations_iPad = "UIInterfaceOrientationPortrait UIInterfaceOrientationPortraitUpsideDown UIInterfaceOrientationLandscapeLeft UIInterfaceOrientationLandscapeRight";
				INFOPLIST_KEY_UISupportedInterfaceOrientations_iPhone = "UIInterfaceOrientationPortrait UIInterfaceOrientationLandscapeLeft UIInterfaceOrientationLandscapeRight";
				LD_RUNPATH_SEARCH_PATHS = (
					"$(inherited)",
					"@executable_path/Frameworks",
				);
				MARKETING_VERSION = 1.0;
				PRODUCT_BUNDLE_IDENTIFIER = pe.isil.SuperHeroSwiftUI;
				PRODUCT_NAME = "$(TARGET_NAME)";
				SWIFT_EMIT_LOC_STRINGS = YES;
				SWIFT_VERSION = 5.0;
				TARGETED_DEVICE_FAMILY = "1,2";
			};
			name = Release;
		};
/* End XCBuildConfiguration section */

/* Begin XCConfigurationList section */
		FB8809BF2CB7187300645A1C /* Build configuration list for PBXProject "SuperHeroSwiftUI" */ = {
			isa = XCConfigurationList;
			buildConfigurations = (
				FB8809D02CB7187500645A1C /* Debug */,
				FB8809D12CB7187500645A1C /* Release */,
			);
			defaultConfigurationIsVisible = 0;
			defaultConfigurationName = Release;
		};
		FB8809D22CB7187500645A1C /* Build configuration list for PBXNativeTarget "SuperHeroSwiftUI" */ = {
			isa = XCConfigurationList;
			buildConfigurations = (
				FB8809D32CB7187500645A1C /* Debug */,
				FB8809D42CB7187500645A1C /* Release */,
			);
			defaultConfigurationIsVisible = 0;
			defaultConfigurationName = Release;
		};
/* End XCConfigurationList section */
	};
	rootObject = FB8809BC2CB7187300645A1C /* Project object */;
}
